# THIS IS AN AUTOGENERATED FILE. DO NOT EDIT THIS FILE DIRECTLY.
# yarn lockfile v1


"@babel/code-frame@7.0.0-rc.2":
  version "7.0.0-rc.2"
  resolved "https://registry.npmjs.org/@babel/code-frame/-/code-frame-7.0.0-rc.2.tgz#12b6daeb408238360744649d16c0e9fa7ab3859e"
  dependencies:
    "@babel/highlight" "7.0.0-rc.2"

"@babel/generator@7.0.0-rc.2", "@babel/generator@^7.0.0-rc.2":
  version "7.0.0-rc.2"
  resolved "https://registry.npmjs.org/@babel/generator/-/generator-7.0.0-rc.2.tgz#7aed8fb4ef1bdcc168225096b5b431744ba76bf8"
  dependencies:
    "@babel/types" "7.0.0-rc.2"
    jsesc "^2.5.1"
    lodash "^4.17.10"
    source-map "^0.5.0"
    trim-right "^1.0.1"

"@babel/helper-function-name@7.0.0-rc.2":
  version "7.0.0-rc.2"
  resolved "https://registry.npmjs.org/@babel/helper-function-name/-/helper-function-name-7.0.0-rc.2.tgz#ad7bb9df383c5f53e4bf38c0fe0c7f93e6a27729"
  dependencies:
    "@babel/helper-get-function-arity" "7.0.0-rc.2"
    "@babel/template" "7.0.0-rc.2"
    "@babel/types" "7.0.0-rc.2"

"@babel/helper-get-function-arity@7.0.0-rc.2":
  version "7.0.0-rc.2"
  resolved "https://registry.npmjs.org/@babel/helper-get-function-arity/-/helper-get-function-arity-7.0.0-rc.2.tgz#323cb82e2d805b40c0c36be1dfcb8ffcbd0434f3"
  dependencies:
    "@babel/types" "7.0.0-rc.2"

"@babel/helper-split-export-declaration@7.0.0-rc.2":
  version "7.0.0-rc.2"
  resolved "https://registry.npmjs.org/@babel/helper-split-export-declaration/-/helper-split-export-declaration-7.0.0-rc.2.tgz#726b2dec4e46baeab32db67caa6e88b6521464f8"
  dependencies:
    "@babel/types" "7.0.0-rc.2"

"@babel/highlight@7.0.0-rc.2":
  version "7.0.0-rc.2"
  resolved "https://registry.npmjs.org/@babel/highlight/-/highlight-7.0.0-rc.2.tgz#0af688a69e3709d9cf392e1837cda18c08d34d4f"
  dependencies:
    chalk "^2.0.0"
    esutils "^2.0.2"
    js-tokens "^4.0.0"

"@babel/parser@7.0.0-rc.2", "@babel/parser@^7.0.0-rc.2":
  version "7.0.0-rc.2"
  resolved "https://registry.npmjs.org/@babel/parser/-/parser-7.0.0-rc.2.tgz#a98c01af5834e71d48a5108e3aeeee333cdf26c4"

"@babel/template@7.0.0-rc.2":
  version "7.0.0-rc.2"
  resolved "https://registry.npmjs.org/@babel/template/-/template-7.0.0-rc.2.tgz#53f6be6c1336ddc7744625c9bdca9d10be5d5d72"
  dependencies:
    "@babel/code-frame" "7.0.0-rc.2"
    "@babel/parser" "7.0.0-rc.2"
    "@babel/types" "7.0.0-rc.2"

"@babel/traverse@^7.0.0-rc.2":
  version "7.0.0-rc.2"
  resolved "https://registry.npmjs.org/@babel/traverse/-/traverse-7.0.0-rc.2.tgz#6e54ebe82aa1b3b3cf5ec05594bc14d7c59c9766"
  dependencies:
    "@babel/code-frame" "7.0.0-rc.2"
    "@babel/generator" "7.0.0-rc.2"
    "@babel/helper-function-name" "7.0.0-rc.2"
    "@babel/helper-split-export-declaration" "7.0.0-rc.2"
    "@babel/parser" "7.0.0-rc.2"
    "@babel/types" "7.0.0-rc.2"
    debug "^3.1.0"
    globals "^11.1.0"
    lodash "^4.17.10"

"@babel/types@7.0.0-rc.2":
  version "7.0.0-rc.2"
  resolved "https://registry.npmjs.org/@babel/types/-/types-7.0.0-rc.2.tgz#8e025b78764cee8751823e308558a3ca144ebd9d"
  dependencies:
    esutils "^2.0.2"
    lodash "^4.17.10"
    to-fast-properties "^2.0.0"

ansi-styles@^3.2.1:
  version "3.2.1"
  resolved "https://registry.npmjs.org/ansi-styles/-/ansi-styles-3.2.1.tgz#41fbb20243e50b12be0f04b8dedbf07520ce841d"
  dependencies:
    color-convert "^1.9.0"

chalk@^2.0.0:
  version "2.4.1"
  resolved "https://registry.npmjs.org/chalk/-/chalk-2.4.1.tgz#18c49ab16a037b6eb0152cc83e3471338215b66e"
  dependencies:
    ansi-styles "^3.2.1"
    escape-string-regexp "^1.0.5"
    supports-color "^5.3.0"

color-convert@^1.9.0:
  version "1.9.2"
  resolved "https://registry.npmjs.org/color-convert/-/color-convert-1.9.2.tgz#49881b8fba67df12a96bdf3f56c0aab9e7913147"
  dependencies:
    color-name "1.1.1"

color-name@1.1.1:
  version "1.1.1"
  resolved "https://registry.npmjs.org/color-name/-/color-name-1.1.1.tgz#4b1415304cf50028ea81643643bd82ea05803689"

debug@^3.1.0:
  version "3.1.0"
  resolved "https://registry.npmjs.org/debug/-/debug-3.1.0.tgz#5bb5a0672628b64149566ba16819e61518c67261"
  dependencies:
    ms "2.0.0"

escape-string-regexp@^1.0.5:
  version "1.0.5"
  resolved "https://registry.npmjs.org/escape-string-regexp/-/escape-string-regexp-1.0.5.tgz#1b61c0562190a8dff6ae3bb2cf0200ca130b86d4"

esutils@^2.0.2:
  version "2.0.2"
  resolved "https://registry.npmjs.org/esutils/-/esutils-2.0.2.tgz#0abf4f1caa5bcb1f7a9d8acc6dea4faaa04bac9b"

globals@^11.1.0:
  version "11.7.0"
  resolved "https://registry.npmjs.org/globals/-/globals-11.7.0.tgz#a583faa43055b1aca771914bf68258e2fc125673"

has-flag@^3.0.0:
  version "3.0.0"
  resolved "https://registry.npmjs.org/has-flag/-/has-flag-3.0.0.tgz#b5d454dc2199ae225699f3467e5a07f3b955bafd"

js-tokens@^4.0.0:
  version "4.0.0"
  resolved "https://registry.npmjs.org/js-tokens/-/js-tokens-4.0.0.tgz#19203fb59991df98e3a287050d4647cdeaf32499"

jsesc@^2.5.1:
  version "2.5.1"
  resolved "https://registry.npmjs.org/jsesc/-/jsesc-2.5.1.tgz#e421a2a8e20d6b0819df28908f782526b96dd1fe"

lodash@^4.17.10:
  version "4.17.10"
  resolved "https://registry.npmjs.org/lodash/-/lodash-4.17.10.tgz#1b7793cf7259ea38fb3661d4d38b3260af8ae4e7"

ms@2.0.0:
  version "2.0.0"
  resolved "https://registry.npmjs.org/ms/-/ms-2.0.0.tgz#5608aeadfc00be6c2901df5f9861788de0d597c8"

source-map@^0.5.0:
  version "0.5.7"
  resolved "https://registry.npmjs.org/source-map/-/source-map-0.5.7.tgz#8a039d2d1021d22d1ea14c80d8ea468ba2ef3fcc"

supports-color@^5.3.0:
  version "5.5.0"
  resolved "https://registry.npmjs.org/supports-color/-/supports-color-5.5.0.tgz#e2e69a44ac8772f78a1ec0b35b689df6530efc8f"
  dependencies:
    has-flag "^3.0.0"

to-fast-properties@^2.0.0:
  version "2.0.0"
  resolved "https://registry.npmjs.org/to-fast-properties/-/to-fast-properties-2.0.0.tgz#dc5e698cbd079265bc73e0377681a4e4e83f616e"

trim-right@^1.0.1:
  version "1.0.1"
  resolved "https://registry.npmjs.org/trim-right/-/trim-right-1.0.1.tgz#cb2e1203067e0c8de1f614094b9fe45704ea6003"
